
Microsoft Visual Studio Solution File, Format Version 12.00
# Visual Studio Version 17
VisualStudioVersion = 17.3.32922.545
MinimumVisualStudioVersion = 10.0.40219.1
Project("{9A19103F-16F7-4668-BE54-9A1E7A4F7556}") = "Dndprojectv1.Server", "Dndprojectv1\Server\Dndprojectv1.Server.csproj", "{7EE27CB2-79A4-4093-BCA1-36035F6E5C2E}"
EndProject
Project("{9A19103F-16F7-4668-BE54-9A1E7A4F7556}") = "Dndprojectv1.Client", "Dndprojectv1\Client\Dndprojectv1.Client.csproj", "{4367EAD7-7BA4-447F-8DFB-79BE2E733328}"
EndProject
Project("{9A19103F-16F7-4668-BE54-9A1E7A4F7556}") = "Dndprojectv1.Shared", "Dndprojectv1\Shared\Dndprojectv1.Shared.csproj", "{B993F77C-50EB-49C2-A960-6F5EF88B43BF}"
EndProject
Global
	GlobalSection(SolutionConfigurationPlatforms) = preSolution
		Debug|Any CPU = Debug|Any CPU
		Release|Any CPU = Release|Any CPU
	EndGlobalSection
	GlobalSection(ProjectConfigurationPlatforms) = postSolution
		{7EE27CB2-79A4-4093-BCA1-36035F6E5C2E}.Debug|Any CPU.ActiveCfg = Debug|Any CPU
		{7EE27CB2-79A4-4093-BCA1-36035F6E5C2E}.Debug|Any CPU.Build.0 = Debug|Any CPU
		{7EE27CB2-79A4-4093-BCA1-36035F6E5C2E}.Release|Any CPU.ActiveCfg = Release|Any CPU
		{7EE27CB2-79A4-4093-BCA1-36035F6E5C2E}.Release|Any CPU.Build.0 = Release|Any CPU
		{4367EAD7-7BA4-447F-8DFB-79BE2E733328}.Debug|Any CPU.ActiveCfg = Debug|Any CPU
		{4367EAD7-7BA4-447F-8DFB-79BE2E733328}.Debug|Any CPU.Build.0 = Debug|Any CPU
		{4367EAD7-7BA4-447F-8DFB-79BE2E733328}.Release|Any CPU.ActiveCfg = Release|Any CPU
		{4367EAD7-7BA4-447F-8DFB-79BE2E733328}.Release|Any CPU.Build.0 = Release|Any CPU
		{B993F77C-50EB-49C2-A960-6F5EF88B43BF}.Debug|Any CPU.ActiveCfg = Debug|Any CPU
		{B993F77C-50EB-49C2-A960-6F5EF88B43BF}.Debug|Any CPU.Build.0 = Debug|Any CPU
		{B993F77C-50EB-49C2-A960-6F5EF88B43BF}.Release|Any CPU.ActiveCfg = Release|Any CPU
		{B993F77C-50EB-49C2-A960-6F5EF88B43BF}.Release|Any CPU.Build.0 = Release|Any CPU
	EndGlobalSection
	GlobalSection(SolutionProperties) = preSolution
		HideSolutionNode = FALSE
	EndGlobalSection
	GlobalSection(ExtensibilityGlobals) = postSolution
		SolutionGuid = {8404904A-A166-4CBB-98DE-F5EE2CBFB667}
	EndGlobalSection
EndGlobal
